
Microsoft Visual Studio Solution File, Format Version 12.00
# Visual Studio Version 17
VisualStudioVersion = 17.2.32526.322
MinimumVisualStudioVersion = 10.0.40219.1
Project("{FAE04EC0-301F-11D3-BF4B-00C04F79EFBC}") = "RandomNumbers", "RandomNumbers\RandomNumbers.csproj", "{CDBC52B3-6EDC-44CF-9636-34446D86E2F4}"
EndProject
Global
	GlobalSection(SolutionConfigurationPlatforms) = preSolution
		Debug|Any CPU = Debug|Any CPU
		Release|Any CPU = Release|Any CPU
	EndGlobalSection
	GlobalSection(ProjectConfigurationPlatforms) = postSolution
		{CDBC52B3-6EDC-44CF-9636-34446D86E2F4}.Debug|Any CPU.ActiveCfg = Debug|Any CPU
		{CDBC52B3-6EDC-44CF-9636-34446D86E2F4}.Debug|Any CPU.Build.0 = Debug|Any CPU
		{CDBC52B3-6EDC-44CF-9636-34446D86E2F4}.Release|Any CPU.ActiveCfg = Release|Any CPU
		{CDBC52B3-6EDC-44CF-9636-34446D86E2F4}.Release|Any CPU.Build.0 = Release|Any CPU
	EndGlobalSection
	GlobalSection(SolutionProperties) = preSolution
		HideSolutionNode = FALSE
	EndGlobalSection
	GlobalSection(ExtensibilityGlobals) = postSolution
		SolutionGuid = {BF7529D0-765B-46C3-82A6-1E20F77696D2}
	EndGlobalSection
EndGlobal
